lockfileVersion: 5.4

importers:

  .:
    specifiers:
      '@tsconfig/recommended': ^1.0.2
      '@types/node': ^18.14.2
      typescript: ^4.9.5
    devDependencies:
      '@tsconfig/recommended': 1.0.2
      '@types/node': 18.14.2
      typescript: 4.9.5

  packages/core:
    specifiers:
      nostr-tools: ^1.7.1
    dependencies:
      nostr-tools: 1.7.1

  packages/react:
    specifiers: {}

packages:

  /@noble/hashes/1.0.0:
    resolution: {integrity: sha512-DZVbtY62kc3kkBtMHqwCOfXrT/hnoORy5BJ4+HU1IR59X0KWAOqsfzQPcUl/lQLlG7qXbe/fZ3r/emxtAl+sqg==}
    dev: false

  /@noble/hashes/1.2.0:
    resolution: {integrity: sha512-FZfhjEDbT5GRswV3C6uvLPHMiVD6lQBmpoX5+eSiPaMTXte/IKqI5dykDxzZB/WBeK/CDuQRBWarPdi3FNY2zQ==}
    dev: false

  /@noble/secp256k1/1.7.1:
    resolution: {integrity: sha512-hOUk6AyBFmqVrv7k5WAw/LpszxVbj9gGN4JRkIX52fdFAj1UA61KXmZDvqVEm+pOyec3+fIeZB02LYa/pWOArw==}
    dev: false

  /@scure/base/1.1.1:
    resolution: {integrity: sha512-ZxOhsSyxYwLJj3pLZCefNitxsj093tb2vq90mp2txoYeBqbcjDjqFhyM8eUjq/uFm6zJ+mUuqxlS2FkuSY1MTA==}
    dev: false

  /@scure/bip32/1.1.5:
    resolution: {integrity: sha512-XyNh1rB0SkEqd3tXcXMi+Xe1fvg+kUIcoRIEujP1Jgv7DqW2r9lg3Ah0NkFaCs9sTkQAQA8kw7xiRXzENi9Rtw==}
    dependencies:
      '@noble/hashes': 1.2.0
      '@noble/secp256k1': 1.7.1
      '@scure/base': 1.1.1
    dev: false

  /@scure/bip39/1.1.1:
    resolution: {integrity: sha512-t+wDck2rVkh65Hmv280fYdVdY25J9YeEUIgn2LG1WM6gxFkGzcksoDiUkWVpVp3Oex9xGC68JU2dSbUfwZ2jPg==}
    dependencies:
      '@noble/hashes': 1.2.0
      '@scure/base': 1.1.1
    dev: false

  /@tsconfig/recommended/1.0.2:
    resolution: {integrity: sha512-dbHBtbWBOjq0/otpopAE02NT2Cm05Qe2JsEKeCf/wjSYbI2hz8nCqnpnOJWHATgjDz4fd3dchs3Wy1gQGjfN6w==}
    dev: true

  /@types/node/18.14.2:
    resolution: {integrity: sha512-1uEQxww3DaghA0RxqHx0O0ppVlo43pJhepY51OxuQIKHpjbnYLA7vcdwioNPzIqmC2u3I/dmylcqjlh0e7AyUA==}
    dev: true

  /nostr-tools/1.7.1:
    resolution: {integrity: sha512-r72KpbLVz6Gaqei6LIj6m+cyp24eF3myiIMlmv93WCgDFCI5w72u+OrZzjSrJaeE94vYoEJfOF16/2Rl5o5z5w==}
    dependencies:
      '@noble/hashes': 1.0.0
      '@noble/secp256k1': 1.7.1
      '@scure/base': 1.1.1
      '@scure/bip32': 1.1.5
      '@scure/bip39': 1.1.1
      prettier: 2.8.4
    dev: false

  /prettier/2.8.4:
    resolution: {integrity: sha512-vIS4Rlc2FNh0BySk3Wkd6xmwxB0FpOndW5fisM5H8hsZSxU2VWVB5CWIkIjWvrHjIhxk2g3bfMKM87zNTrZddw==}
    engines: {node: '>=10.13.0'}
    hasBin: true
    dev: false

  /typescript/4.9.5:
    resolution: {integrity: sha512-1FXk9E2Hm+QzZQ7z+McJiHL4NW1F2EzMu9Nq9i3zAaGqibafqYwCVU6WyWAuyQRRzOlxou8xZSyXLEN8oKj24g==}
    engines: {node: '>=4.2.0'}
    hasBin: true
    dev: true
